
Microsoft Visual Studio Solution File, Format Version 12.00
# Visual Studio Version 17
VisualStudioVersion = 17.1.32228.430
MinimumVisualStudioVersion = 10.0.40219.1
Project("{FAE04EC0-301F-11D3-BF4B-00C04F79EFBC}") = "LoginApi", "LoginApi.csproj", "{146C2AC8-BA57-4AFA-9005-866B3BE10096}"
EndProject
Global
	GlobalSection(SolutionConfigurationPlatforms) = preSolution
		Debug|Any CPU = Debug|Any CPU
		Release|Any CPU = Release|Any CPU
	EndGlobalSection
	GlobalSection(ProjectConfigurationPlatforms) = postSolution
		{146C2AC8-BA57-4AFA-9005-866B3BE10096}.Debug|Any CPU.ActiveCfg = Debug|Any CPU
		{146C2AC8-BA57-4AFA-9005-866B3BE10096}.Debug|Any CPU.Build.0 = Debug|Any CPU
		{146C2AC8-BA57-4AFA-9005-866B3BE10096}.Release|Any CPU.ActiveCfg = Release|Any CPU
		{146C2AC8-BA57-4AFA-9005-866B3BE10096}.Release|Any CPU.Build.0 = Release|Any CPU
	EndGlobalSection
	GlobalSection(SolutionProperties) = preSolution
		HideSolutionNode = FALSE
	EndGlobalSection
	GlobalSection(ExtensibilityGlobals) = postSolution
		SolutionGuid = {BDB5BEAA-7826-4255-B858-C4FF82A1B86E}
	EndGlobalSection
EndGlobal
