
Microsoft Visual Studio Solution File, Format Version 12.00
# Visual Studio Version 17
VisualStudioVersion = 17.1.32228.430
MinimumVisualStudioVersion = 10.0.40219.1
Project("{FAE04EC0-301F-11D3-BF4B-00C04F79EFBC}") = "bookWeb", "bookWeb\bookWeb.csproj", "{009C4C93-7CE0-459E-9123-942F5CC943C7}"
EndProject
Global
	GlobalSection(SolutionConfigurationPlatforms) = preSolution
		Debug|Any CPU = Debug|Any CPU
		Release|Any CPU = Release|Any CPU
	EndGlobalSection
	GlobalSection(ProjectConfigurationPlatforms) = postSolution
		{009C4C93-7CE0-459E-9123-942F5CC943C7}.Debug|Any CPU.ActiveCfg = Debug|Any CPU
		{009C4C93-7CE0-459E-9123-942F5CC943C7}.Debug|Any CPU.Build.0 = Debug|Any CPU
		{009C4C93-7CE0-459E-9123-942F5CC943C7}.Release|Any CPU.ActiveCfg = Release|Any CPU
		{009C4C93-7CE0-459E-9123-942F5CC943C7}.Release|Any CPU.Build.0 = Release|Any CPU
	EndGlobalSection
	GlobalSection(SolutionProperties) = preSolution
		HideSolutionNode = FALSE
	EndGlobalSection
	GlobalSection(ExtensibilityGlobals) = postSolution
		SolutionGuid = {05457477-7E26-4D66-94D7-7C9FE7246246}
	EndGlobalSection
EndGlobal
