
Microsoft Visual Studio Solution File, Format Version 12.00
# Visual Studio Version 17
VisualStudioVersion = 17.1.32228.430
MinimumVisualStudioVersion = 10.0.40219.1
Project("{FAE04EC0-301F-11D3-BF4B-00C04F79EFBC}") = "EventsAndDeligates", "EventsAndDeligates.csproj", "{F5C83A36-F922-454C-A884-3DF6A3BF21B7}"
EndProject
Global
	GlobalSection(SolutionConfigurationPlatforms) = preSolution
		Debug|Any CPU = Debug|Any CPU
		Release|Any CPU = Release|Any CPU
	EndGlobalSection
	GlobalSection(ProjectConfigurationPlatforms) = postSolution
		{F5C83A36-F922-454C-A884-3DF6A3BF21B7}.Debug|Any CPU.ActiveCfg = Debug|Any CPU
		{F5C83A36-F922-454C-A884-3DF6A3BF21B7}.Debug|Any CPU.Build.0 = Debug|Any CPU
		{F5C83A36-F922-454C-A884-3DF6A3BF21B7}.Release|Any CPU.ActiveCfg = Release|Any CPU
		{F5C83A36-F922-454C-A884-3DF6A3BF21B7}.Release|Any CPU.Build.0 = Release|Any CPU
	EndGlobalSection
	GlobalSection(SolutionProperties) = preSolution
		HideSolutionNode = FALSE
	EndGlobalSection
	GlobalSection(ExtensibilityGlobals) = postSolution
		SolutionGuid = {BAFC4CAE-4927-46BA-9D71-A7DBAAD868FC}
	EndGlobalSection
EndGlobal
